// !$*UTF8*$!
{
	archiveVersion = 1;
	classes = {
	};
	objectVersion = 46;
	objects = {

/* Begin PBXBuildFile section */
		7586EBD01DB2F81F00398237 /* CategoryCollectionViewCell.m in Sources */ = {isa = PBXBuildFile; fileRef = 7586EBCF1DB2F81F00398237 /* CategoryCollectionViewCell.m */; };
		7586EBD71DB3115900398237 /* UIView+Constraints.m in Sources */ = {isa = PBXBuildFile; fileRef = 7586EBD61DB3115900398237 /* UIView+Constraints.m */; };
		7586EBDA1DB315A000398237 /* CategoryItemCollectionViewCell.m in Sources */ = {isa = PBXBuildFile; fileRef = 7586EBD91DB315A000398237 /* CategoryItemCollectionViewCell.m */; };
		7586EBDF1DB3813300398237 /* NetworkManager.m in Sources */ = {isa = PBXBuildFile; fileRef = 7586EBDE1DB3813300398237 /* NetworkManager.m */; };
		7586EBE51DB4232500398237 /* BaseStoreItem.m in Sources */ = {isa = PBXBuildFile; fileRef = 7586EBE41DB4232500398237 /* BaseStoreItem.m */; };
		7586EBE81DB4240300398237 /* Song.m in Sources */ = {isa = PBXBuildFile; fileRef = 7586EBE71DB4240300398237 /* Song.m */; };
		7586EBEB1DB4241400398237 /* AudioBook.m in Sources */ = {isa = PBXBuildFile; fileRef = 7586EBEA1DB4241400398237 /* AudioBook.m */; };
		7586EBEE1DB4242D00398237 /* iTunesUCollection.m in Sources */ = {isa = PBXBuildFile; fileRef = 7586EBED1DB4242D00398237 /* iTunesUCollection.m */; };
		7586EBF21DB43F6F00398237 /* topCollection.json in Resources */ = {isa = PBXBuildFile; fileRef = 7586EBEF1DB43F6F00398237 /* topCollection.json */; };
		7586EBF31DB43F6F00398237 /* topAudioBooks.json in Resources */ = {isa = PBXBuildFile; fileRef = 7586EBF01DB43F6F00398237 /* topAudioBooks.json */; };
		7586EBF41DB43F6F00398237 /* topSongs.json in Resources */ = {isa = PBXBuildFile; fileRef = 7586EBF11DB43F6F00398237 /* topSongs.json */; };
		7586EBF91DB449D200398237 /* JSONParser.m in Sources */ = {isa = PBXBuildFile; fileRef = 7586EBF81DB449D200398237 /* JSONParser.m */; };
		7586EBFC1DB49FFB00398237 /* NSString+Price.m in Sources */ = {isa = PBXBuildFile; fileRef = 7586EBFB1DB49FFB00398237 /* NSString+Price.m */; };
		7586EC051DB4B31600398237 /* SongTableViewController.m in Sources */ = {isa = PBXBuildFile; fileRef = 7586EC041DB4B31600398237 /* SongTableViewController.m */; };
		7586EC081DB4C16600398237 /* AudioBookTableViewController.m in Sources */ = {isa = PBXBuildFile; fileRef = 7586EC071DB4C16600398237 /* AudioBookTableViewController.m */; };
		7586EC0B1DB4C1AB00398237 /* CollectionTableViewController.m in Sources */ = {isa = PBXBuildFile; fileRef = 7586EC0A1DB4C1AB00398237 /* CollectionTableViewController.m */; };
		7586EC0E1DB4CFF200398237 /* Constants.m in Sources */ = {isa = PBXBuildFile; fileRef = 7586EC0D1DB4CFF200398237 /* Constants.m */; };
		7586EC111DB4DBED00398237 /* PreviewAudioView.m in Sources */ = {isa = PBXBuildFile; fileRef = 7586EC101DB4DBED00398237 /* PreviewAudioView.m */; };
		7586EC141DB511BF00398237 /* ItemDetailView.m in Sources */ = {isa = PBXBuildFile; fileRef = 7586EC131DB511BF00398237 /* ItemDetailView.m */; };
		7586EC1D1DB51CD200398237 /* StoreItemTableViewCell.m in Sources */ = {isa = PBXBuildFile; fileRef = 7586EC1C1DB51CD200398237 /* StoreItemTableViewCell.m */; };
		75D482B11DB0A9CE002ECD43 /* main.m in Sources */ = {isa = PBXBuildFile; fileRef = 75D482B01DB0A9CE002ECD43 /* main.m */; };
		75D482B41DB0A9CE002ECD43 /* AppDelegate.m in Sources */ = {isa = PBXBuildFile; fileRef = 75D482B31DB0A9CE002ECD43 /* AppDelegate.m */; };
		75D482B71DB0A9CE002ECD43 /* FeaturedViewController.m in Sources */ = {isa = PBXBuildFile; fileRef = 75D482B61DB0A9CE002ECD43 /* FeaturedViewController.m */; };
		75D482BC1DB0A9CE002ECD43 /* Assets.xcassets in Resources */ = {isa = PBXBuildFile; fileRef = 75D482BB1DB0A9CE002ECD43 /* Assets.xcassets */; };
		75D482BF1DB0A9CE002ECD43 /* LaunchScreen.storyboard in Resources */ = {isa = PBXBuildFile; fileRef = 75D482BD1DB0A9CE002ECD43 /* LaunchScreen.storyboard */; };
		75D482CA1DB0A9CE002ECD43 /* iTunes_TopTests.m in Sources */ = {isa = PBXBuildFile; fileRef = 75D482C91DB0A9CE002ECD43 /* iTunes_TopTests.m */; };
		75D482DE1DB0AFD2002ECD43 /* RootTabBarController.m in Sources */ = {isa = PBXBuildFile; fileRef = 75D482DD1DB0AFD2002ECD43 /* RootTabBarController.m */; };
/* End PBXBuildFile section */

/* Begin PBXContainerItemProxy section */
		75D482C61DB0A9CE002ECD43 /* PBXContainerItemProxy */ = {
			isa = PBXContainerItemProxy;
			containerPortal = 75D482A41DB0A9CE002ECD43 /* Project object */;
			proxyType = 1;
			remoteGlobalIDString = 75D482AB1DB0A9CE002ECD43;
			remoteInfo = "iTunes-Top";
		};
/* End PBXContainerItemProxy section */

/* Begin PBXFileReference section */
		7586EBCE1DB2F81F00398237 /* CategoryCollectionViewCell.h */ = {isa = PBXFileReference; fileEncoding = 4; lastKnownFileType = sourcecode.c.h; path = CategoryCollectionViewCell.h; sourceTree = "<group>"; };
		7586EBCF1DB2F81F00398237 /* CategoryCollectionViewCell.m */ = {isa = PBXFileReference; fileEncoding = 4; lastKnownFileType = sourcecode.c.objc; path = CategoryCollectionViewCell.m; sourceTree = "<group>"; };
		7586EBD51DB3115900398237 /* UIView+Constraints.h */ = {isa = PBXFileReference; fileEncoding = 4; lastKnownFileType = sourcecode.c.h; path = "UIView+Constraints.h"; sourceTree = "<group>"; };
		7586EBD61DB3115900398237 /* UIView+Constraints.m */ = {isa = PBXFileReference; fileEncoding = 4; lastKnownFileType = sourcecode.c.objc; path = "UIView+Constraints.m"; sourceTree = "<group>"; };
		7586EBD81DB315A000398237 /* CategoryItemCollectionViewCell.h */ = {isa = PBXFileReference; fileEncoding = 4; lastKnownFileType = sourcecode.c.h; path = CategoryItemCollectionViewCell.h; sourceTree = "<group>"; };
		7586EBD91DB315A000398237 /* CategoryItemCollectionViewCell.m */ = {isa = PBXFileReference; fileEncoding = 4; lastKnownFileType = sourcecode.c.objc; path = CategoryItemCollectionViewCell.m; sourceTree = "<group>"; };
		7586EBDD1DB3813300398237 /* NetworkManager.h */ = {isa = PBXFileReference; fileEncoding = 4; lastKnownFileType = sourcecode.c.h; path = NetworkManager.h; sourceTree = "<group>"; };
		7586EBDE1DB3813300398237 /* NetworkManager.m */ = {isa = PBXFileReference; fileEncoding = 4; lastKnownFileType = sourcecode.c.objc; path = NetworkManager.m; sourceTree = "<group>"; };
		7586EBE31DB4232500398237 /* BaseStoreItem.h */ = {isa = PBXFileReference; fileEncoding = 4; lastKnownFileType = sourcecode.c.h; path = BaseStoreItem.h; sourceTree = "<group>"; };
		7586EBE41DB4232500398237 /* BaseStoreItem.m */ = {isa = PBXFileReference; fileEncoding = 4; lastKnownFileType = sourcecode.c.objc; path = BaseStoreItem.m; sourceTree = "<group>"; };
		7586EBE61DB4240300398237 /* Song.h */ = {isa = PBXFileReference; fileEncoding = 4; lastKnownFileType = sourcecode.c.h; path = Song.h; sourceTree = "<group>"; };
		7586EBE71DB4240300398237 /* Song.m */ = {isa = PBXFileReference; fileEncoding = 4; lastKnownFileType = sourcecode.c.objc; path = Song.m; sourceTree = "<group>"; };
		7586EBE91DB4241400398237 /* AudioBook.h */ = {isa = PBXFileReference; fileEncoding = 4; lastKnownFileType = sourcecode.c.h; path = AudioBook.h; sourceTree = "<group>"; };
		7586EBEA1DB4241400398237 /* AudioBook.m */ = {isa = PBXFileReference; fileEncoding = 4; lastKnownFileType = sourcecode.c.objc; path = AudioBook.m; sourceTree = "<group>"; };
		7586EBEC1DB4242D00398237 /* iTunesUCollection.h */ = {isa = PBXFileReference; fileEncoding = 4; lastKnownFileType = sourcecode.c.h; path = iTunesUCollection.h; sourceTree = "<group>"; };
		7586EBED1DB4242D00398237 /* iTunesUCollection.m */ = {isa = PBXFileReference; fileEncoding = 4; lastKnownFileType = sourcecode.c.objc; path = iTunesUCollection.m; sourceTree = "<group>"; };
		7586EBEF1DB43F6F00398237 /* topCollection.json */ = {isa = PBXFileReference; fileEncoding = 4; lastKnownFileType = text.json; name = topCollection.json; path = ../../topCollection.json; sourceTree = "<group>"; };
		7586EBF01DB43F6F00398237 /* topAudioBooks.json */ = {isa = PBXFileReference; fileEncoding = 4; lastKnownFileType = text.json; name = topAudioBooks.json; path = ../../topAudioBooks.json; sourceTree = "<group>"; };
		7586EBF11DB43F6F00398237 /* topSongs.json */ = {isa = PBXFileReference; fileEncoding = 4; lastKnownFileType = text.json; name = topSongs.json; path = ../../topSongs.json; sourceTree = "<group>"; };
		7586EBF71DB449D200398237 /* JSONParser.h */ = {isa = PBXFileReference; fileEncoding = 4; lastKnownFileType = sourcecode.c.h; path = JSONParser.h; sourceTree = "<group>"; };
		7586EBF81DB449D200398237 /* JSONParser.m */ = {isa = PBXFileReference; fileEncoding = 4; lastKnownFileType = sourcecode.c.objc; path = JSONParser.m; sourceTree = "<group>"; };
		7586EBFA1DB49FFB00398237 /* NSString+Price.h */ = {isa = PBXFileReference; fileEncoding = 4; lastKnownFileType = sourcecode.c.h; path = "NSString+Price.h"; sourceTree = "<group>"; };
		7586EBFB1DB49FFB00398237 /* NSString+Price.m */ = {isa = PBXFileReference; fileEncoding = 4; lastKnownFileType = sourcecode.c.objc; path = "NSString+Price.m"; sourceTree = "<group>"; };
		7586EC031DB4B31600398237 /* SongTableViewController.h */ = {isa = PBXFileReference; fileEncoding = 4; lastKnownFileType = sourcecode.c.h; path = SongTableViewController.h; sourceTree = "<group>"; };
		7586EC041DB4B31600398237 /* SongTableViewController.m */ = {isa = PBXFileReference; fileEncoding = 4; lastKnownFileType = sourcecode.c.objc; path = SongTableViewController.m; sourceTree = "<group>"; };
		7586EC061DB4C16600398237 /* AudioBookTableViewController.h */ = {isa = PBXFileReference; fileEncoding = 4; lastKnownFileType = sourcecode.c.h; path = AudioBookTableViewController.h; sourceTree = "<group>"; };
		7586EC071DB4C16600398237 /* AudioBookTableViewController.m */ = {isa = PBXFileReference; fileEncoding = 4; lastKnownFileType = sourcecode.c.objc; path = AudioBookTableViewController.m; sourceTree = "<group>"; };
		7586EC091DB4C1AB00398237 /* CollectionTableViewController.h */ = {isa = PBXFileReference; fileEncoding = 4; lastKnownFileType = sourcecode.c.h; path = CollectionTableViewController.h; sourceTree = "<group>"; };
		7586EC0A1DB4C1AB00398237 /* CollectionTableViewController.m */ = {isa = PBXFileReference; fileEncoding = 4; lastKnownFileType = sourcecode.c.objc; path = CollectionTableViewController.m; sourceTree = "<group>"; };
		7586EC0C1DB4CFF200398237 /* Constants.h */ = {isa = PBXFileReference; fileEncoding = 4; lastKnownFileType = sourcecode.c.h; path = Constants.h; sourceTree = "<group>"; };
		7586EC0D1DB4CFF200398237 /* Constants.m */ = {isa = PBXFileReference; fileEncoding = 4; lastKnownFileType = sourcecode.c.objc; path = Constants.m; sourceTree = "<group>"; };
		7586EC0F1DB4DBED00398237 /* PreviewAudioView.h */ = {isa = PBXFileReference; fileEncoding = 4; lastKnownFileType = sourcecode.c.h; path = PreviewAudioView.h; sourceTree = "<group>"; };
		7586EC101DB4DBED00398237 /* PreviewAudioView.m */ = {isa = PBXFileReference; fileEncoding = 4; lastKnownFileType = sourcecode.c.objc; path = PreviewAudioView.m; sourceTree = "<group>"; };
		7586EC121DB511BF00398237 /* ItemDetailView.h */ = {isa = PBXFileReference; fileEncoding = 4; lastKnownFileType = sourcecode.c.h; path = ItemDetailView.h; sourceTree = "<group>"; };
		7586EC131DB511BF00398237 /* ItemDetailView.m */ = {isa = PBXFileReference; fileEncoding = 4; lastKnownFileType = sourcecode.c.objc; path = ItemDetailView.m; sourceTree = "<group>"; };
		7586EC1B1DB51CD200398237 /* StoreItemTableViewCell.h */ = {isa = PBXFileReference; fileEncoding = 4; lastKnownFileType = sourcecode.c.h; path = StoreItemTableViewCell.h; sourceTree = "<group>"; };
		7586EC1C1DB51CD200398237 /* StoreItemTableViewCell.m */ = {isa = PBXFileReference; fileEncoding = 4; lastKnownFileType = sourcecode.c.objc; path = StoreItemTableViewCell.m; sourceTree = "<group>"; };
		75D482AC1DB0A9CE002ECD43 /* iTunes-Top.app */ = {isa = PBXFileReference; explicitFileType = wrapper.application; includeInIndex = 0; path = "iTunes-Top.app"; sourceTree = BUILT_PRODUCTS_DIR; };
		75D482B01DB0A9CE002ECD43 /* main.m */ = {isa = PBXFileReference; lastKnownFileType = sourcecode.c.objc; path = main.m; sourceTree = "<group>"; };
		75D482B21DB0A9CE002ECD43 /* AppDelegate.h */ = {isa = PBXFileReference; lastKnownFileType = sourcecode.c.h; path = AppDelegate.h; sourceTree = "<group>"; };
		75D482B31DB0A9CE002ECD43 /* AppDelegate.m */ = {isa = PBXFileReference; lastKnownFileType = sourcecode.c.objc; path = AppDelegate.m; sourceTree = "<group>"; };
		75D482B51DB0A9CE002ECD43 /* FeaturedViewController.h */ = {isa = PBXFileReference; lastKnownFileType = sourcecode.c.h; path = FeaturedViewController.h; sourceTree = "<group>"; };
		75D482B61DB0A9CE002ECD43 /* FeaturedViewController.m */ = {isa = PBXFileReference; lastKnownFileType = sourcecode.c.objc; path = FeaturedViewController.m; sourceTree = "<group>"; };
		75D482BB1DB0A9CE002ECD43 /* Assets.xcassets */ = {isa = PBXFileReference; lastKnownFileType = folder.assetcatalog; path = Assets.xcassets; sourceTree = "<group>"; };
		75D482BE1DB0A9CE002ECD43 /* Base */ = {isa = PBXFileReference; lastKnownFileType = file.storyboard; name = Base; path = Base.lproj/LaunchScreen.storyboard; sourceTree = "<group>"; };
		75D482C01DB0A9CE002ECD43 /* Info.plist */ = {isa = PBXFileReference; lastKnownFileType = text.plist.xml; path = Info.plist; sourceTree = "<group>"; };
		75D482C51DB0A9CE002ECD43 /* iTunes-TopTests.xctest */ = {isa = PBXFileReference; explicitFileType = wrapper.cfbundle; includeInIndex = 0; path = "iTunes-TopTests.xctest"; sourceTree = BUILT_PRODUCTS_DIR; };
		75D482C91DB0A9CE002ECD43 /* iTunes_TopTests.m */ = {isa = PBXFileReference; lastKnownFileType = sourcecode.c.objc; path = iTunes_TopTests.m; sourceTree = "<group>"; };
		75D482CB1DB0A9CE002ECD43 /* Info.plist */ = {isa = PBXFileReference; lastKnownFileType = text.plist.xml; path = Info.plist; sourceTree = "<group>"; };
		75D482DC1DB0AFD2002ECD43 /* RootTabBarController.h */ = {isa = PBXFileReference; fileEncoding = 4; lastKnownFileType = sourcecode.c.h; path = RootTabBarController.h; sourceTree = "<group>"; };
		75D482DD1DB0AFD2002ECD43 /* RootTabBarController.m */ = {isa = PBXFileReference; fileEncoding = 4; lastKnownFileType = sourcecode.c.objc; path = RootTabBarController.m; sourceTree = "<group>"; };
/* End PBXFileReference section */

/* Begin PBXFrameworksBuildPhase section */
		75D482A91DB0A9CE002ECD43 /* Frameworks */ = {
			isa = PBXFrameworksBuildPhase;
			buildActionMask = 2147483647;
			files = (
			);
			runOnlyForDeploymentPostprocessing = 0;
		};
		75D482C21DB0A9CE002ECD43 /* Frameworks */ = {
			isa = PBXFrameworksBuildPhase;
			buildActionMask = 2147483647;
			files = (
			);
			runOnlyForDeploymentPostprocessing = 0;
		};
/* End PBXFrameworksBuildPhase section */

/* Begin PBXGroup section */
		7586EBF61DB449AF00398237 /* Categories */ = {
			isa = PBXGroup;
			children = (
				7586EBD51DB3115900398237 /* UIView+Constraints.h */,
				7586EBD61DB3115900398237 /* UIView+Constraints.m */,
				7586EBFA1DB49FFB00398237 /* NSString+Price.h */,
				7586EBFB1DB49FFB00398237 /* NSString+Price.m */,
			);
			name = Categories;
			sourceTree = "<group>";
		};
		75D482A31DB0A9CE002ECD43 = {
			isa = PBXGroup;
			children = (
				75D482AE1DB0A9CE002ECD43 /* iTunes-Top */,
				75D482C81DB0A9CE002ECD43 /* iTunes-TopTests */,
				75D482AD1DB0A9CE002ECD43 /* Products */,
			);
			sourceTree = "<group>";
		};
		75D482AD1DB0A9CE002ECD43 /* Products */ = {
			isa = PBXGroup;
			children = (
				75D482AC1DB0A9CE002ECD43 /* iTunes-Top.app */,
				75D482C51DB0A9CE002ECD43 /* iTunes-TopTests.xctest */,
			);
			name = Products;
			sourceTree = "<group>";
		};
		75D482AE1DB0A9CE002ECD43 /* iTunes-Top */ = {
			isa = PBXGroup;
			children = (
				75D482D41DB0AB57002ECD43 /* App Global */,
				75D482D81DB0AB75002ECD43 /* Data Service */,
				7586EBF61DB449AF00398237 /* Categories */,
				75D482D51DB0AB61002ECD43 /* Model */,
				75D482D61DB0AB68002ECD43 /* View */,
				75D482D71DB0AB6E002ECD43 /* Controller */,
				75D482BB1DB0A9CE002ECD43 /* Assets.xcassets */,
				75D482BD1DB0A9CE002ECD43 /* LaunchScreen.storyboard */,
				75D482C01DB0A9CE002ECD43 /* Info.plist */,
				75D482AF1DB0A9CE002ECD43 /* Supporting Files */,
			);
			path = "iTunes-Top";
			sourceTree = "<group>";
		};
		75D482AF1DB0A9CE002ECD43 /* Supporting Files */ = {
			isa = PBXGroup;
			children = (
				7586EBEF1DB43F6F00398237 /* topCollection.json */,
				7586EBF01DB43F6F00398237 /* topAudioBooks.json */,
				7586EBF11DB43F6F00398237 /* topSongs.json */,
				75D482B01DB0A9CE002ECD43 /* main.m */,
			);
			name = "Supporting Files";
			sourceTree = "<group>";
		};
		75D482C81DB0A9CE002ECD43 /* iTunes-TopTests */ = {
			isa = PBXGroup;
			children = (
				75D482C91DB0A9CE002ECD43 /* iTunes_TopTests.m */,
				75D482CB1DB0A9CE002ECD43 /* Info.plist */,
			);
			path = "iTunes-TopTests";
			sourceTree = "<group>";
		};
		75D482D41DB0AB57002ECD43 /* App Global */ = {
			isa = PBXGroup;
			children = (
				75D482B21DB0A9CE002ECD43 /* AppDelegate.h */,
				75D482B31DB0A9CE002ECD43 /* AppDelegate.m */,
				7586EC0C1DB4CFF200398237 /* Constants.h */,
				7586EC0D1DB4CFF200398237 /* Constants.m */,
			);
			name = "App Global";
			sourceTree = "<group>";
		};
		75D482D51DB0AB61002ECD43 /* Model */ = {
			isa = PBXGroup;
			children = (
				7586EBE31DB4232500398237 /* BaseStoreItem.h */,
				7586EBE41DB4232500398237 /* BaseStoreItem.m */,
				7586EBE61DB4240300398237 /* Song.h */,
				7586EBE71DB4240300398237 /* Song.m */,
				7586EBE91DB4241400398237 /* AudioBook.h */,
				7586EBEA1DB4241400398237 /* AudioBook.m */,
				7586EBEC1DB4242D00398237 /* iTunesUCollection.h */,
				7586EBED1DB4242D00398237 /* iTunesUCollection.m */,
			);
			name = Model;
			sourceTree = "<group>";
		};
		75D482D61DB0AB68002ECD43 /* View */ = {
			isa = PBXGroup;
			children = (
				7586EBCE1DB2F81F00398237 /* CategoryCollectionViewCell.h */,
				7586EBCF1DB2F81F00398237 /* CategoryCollectionViewCell.m */,
				7586EBD81DB315A000398237 /* CategoryItemCollectionViewCell.h */,
				7586EBD91DB315A000398237 /* CategoryItemCollectionViewCell.m */,
				7586EC0F1DB4DBED00398237 /* PreviewAudioView.h */,
				7586EC101DB4DBED00398237 /* PreviewAudioView.m */,
				7586EC121DB511BF00398237 /* ItemDetailView.h */,
				7586EC131DB511BF00398237 /* ItemDetailView.m */,
				7586EC1B1DB51CD200398237 /* StoreItemTableViewCell.h */,
				7586EC1C1DB51CD200398237 /* StoreItemTableViewCell.m */,
			);
			name = View;
			sourceTree = "<group>";
		};
		75D482D71DB0AB6E002ECD43 /* Controller */ = {
			isa = PBXGroup;
			children = (
				75D482DC1DB0AFD2002ECD43 /* RootTabBarController.h */,
				75D482DD1DB0AFD2002ECD43 /* RootTabBarController.m */,
				75D482B51DB0A9CE002ECD43 /* FeaturedViewController.h */,
				75D482B61DB0A9CE002ECD43 /* FeaturedViewController.m */,
				7586EC031DB4B31600398237 /* SongTableViewController.h */,
				7586EC041DB4B31600398237 /* SongTableViewController.m */,
				7586EC061DB4C16600398237 /* AudioBookTableViewController.h */,
				7586EC071DB4C16600398237 /* AudioBookTableViewController.m */,
				7586EC091DB4C1AB00398237 /* CollectionTableViewController.h */,
				7586EC0A1DB4C1AB00398237 /* CollectionTableViewController.m */,
			);
			name = Controller;
			sourceTree = "<group>";
		};
		75D482D81DB0AB75002ECD43 /* Data Service */ = {
			isa = PBXGroup;
			children = (
				7586EBDD1DB3813300398237 /* NetworkManager.h */,
				7586EBDE1DB3813300398237 /* NetworkManager.m */,
				7586EBF71DB449D200398237 /* JSONParser.h */,
				7586EBF81DB449D200398237 /* JSONParser.m */,
			);
			name = "Data Service";
			sourceTree = "<group>";
		};
/* End PBXGroup section */

/* Begin PBXNativeTarget section */
		75D482AB1DB0A9CE002ECD43 /* iTunes-Top */ = {
			isa = PBXNativeTarget;
			buildConfigurationList = 75D482CE1DB0A9CE002ECD43 /* Build configuration list for PBXNativeTarget "iTunes-Top" */;
			buildPhases = (
				75D482A81DB0A9CE002ECD43 /* Sources */,
				75D482A91DB0A9CE002ECD43 /* Frameworks */,
				75D482AA1DB0A9CE002ECD43 /* Resources */,
			);
			buildRules = (
			);
			dependencies = (
			);
			name = "iTunes-Top";
			productName = "iTunes-Top";
			productReference = 75D482AC1DB0A9CE002ECD43 /* iTunes-Top.app */;
			productType = "com.apple.product-type.application";
		};
		75D482C41DB0A9CE002ECD43 /* iTunes-TopTests */ = {
			isa = PBXNativeTarget;
			buildConfigurationList = 75D482D11DB0A9CE002ECD43 /* Build configuration list for PBXNativeTarget "iTunes-TopTests" */;
			buildPhases = (
				75D482C11DB0A9CE002ECD43 /* Sources */,
				75D482C21DB0A9CE002ECD43 /* Frameworks */,
				75D482C31DB0A9CE002ECD43 /* Resources */,
			);
			buildRules = (
			);
			dependencies = (
				75D482C71DB0A9CE002ECD43 /* PBXTargetDependency */,
			);
			name = "iTunes-TopTests";
			productName = "iTunes-TopTests";
			productReference = 75D482C51DB0A9CE002ECD43 /* iTunes-TopTests.xctest */;
			productType = "com.apple.product-type.bundle.unit-test";
		};
/* End PBXNativeTarget section */

/* Begin PBXProject section */
		75D482A41DB0A9CE002ECD43 /* Project object */ = {
			isa = PBXProject;
			attributes = {
				LastUpgradeCheck = 0800;
				ORGANIZATIONNAME = "Vincent Chau";
				TargetAttributes = {
					75D482AB1DB0A9CE002ECD43 = {
						CreatedOnToolsVersion = 8.0;
						ProvisioningStyle = Automatic;
					};
					75D482C41DB0A9CE002ECD43 = {
						CreatedOnToolsVersion = 8.0;
						ProvisioningStyle = Automatic;
						TestTargetID = 75D482AB1DB0A9CE002ECD43;
					};
				};
			};
			buildConfigurationList = 75D482A71DB0A9CE002ECD43 /* Build configuration list for PBXProject "iTunes-Top" */;
			compatibilityVersion = "Xcode 3.2";
			developmentRegion = English;
			hasScannedForEncodings = 0;
			knownRegions = (
				en,
				Base,
			);
			mainGroup = 75D482A31DB0A9CE002ECD43;
			productRefGroup = 75D482AD1DB0A9CE002ECD43 /* Products */;
			projectDirPath = "";
			projectRoot = "";
			targets = (
				75D482AB1DB0A9CE002ECD43 /* iTunes-Top */,
				75D482C41DB0A9CE002ECD43 /* iTunes-TopTests */,
			);
		};
/* End PBXProject section */

/* Begin PBXResourcesBuildPhase section */
		75D482AA1DB0A9CE002ECD43 /* Resources */ = {
			isa = PBXResourcesBuildPhase;
			buildActionMask = 2147483647;
			files = (
				7586EBF41DB43F6F00398237 /* topSongs.json in Resources */,
				75D482BF1DB0A9CE002ECD43 /* LaunchScreen.storyboard in Resources */,
				7586EBF31DB43F6F00398237 /* topAudioBooks.json in Resources */,
				75D482BC1DB0A9CE002ECD43 /* Assets.xcassets in Resources */,
				7586EBF21DB43F6F00398237 /* topCollection.json in Resources */,
			);
			runOnlyForDeploymentPostprocessing = 0;
		};
		75D482C31DB0A9CE002ECD43 /* Resources */ = {
			isa = PBXResourcesBuildPhase;
			buildActionMask = 2147483647;
			files = (
			);
			runOnlyForDeploymentPostprocessing = 0;
		};
/* End PBXResourcesBuildPhase section */

/* Begin PBXSourcesBuildPhase section */
		75D482A81DB0A9CE002ECD43 /* Sources */ = {
			isa = PBXSourcesBuildPhase;
			buildActionMask = 2147483647;
			files = (
				7586EBE81DB4240300398237 /* Song.m in Sources */,
				7586EBDF1DB3813300398237 /* NetworkManager.m in Sources */,
				75D482B71DB0A9CE002ECD43 /* FeaturedViewController.m in Sources */,
				7586EBFC1DB49FFB00398237 /* NSString+Price.m in Sources */,
				7586EC141DB511BF00398237 /* ItemDetailView.m in Sources */,
				75D482DE1DB0AFD2002ECD43 /* RootTabBarController.m in Sources */,
				75D482B41DB0A9CE002ECD43 /* AppDelegate.m in Sources */,
				7586EC051DB4B31600398237 /* SongTableViewController.m in Sources */,
				7586EC0B1DB4C1AB00398237 /* CollectionTableViewController.m in Sources */,
				7586EBEB1DB4241400398237 /* AudioBook.m in Sources */,
				7586EBD71DB3115900398237 /* UIView+Constraints.m in Sources */,
				7586EBEE1DB4242D00398237 /* iTunesUCollection.m in Sources */,
				7586EBDA1DB315A000398237 /* CategoryItemCollectionViewCell.m in Sources */,
				75D482B11DB0A9CE002ECD43 /* main.m in Sources */,
				7586EC111DB4DBED00398237 /* PreviewAudioView.m in Sources */,
				7586EBD01DB2F81F00398237 /* CategoryCollectionViewCell.m in Sources */,
				7586EC081DB4C16600398237 /* AudioBookTableViewController.m in Sources */,
				7586EBE51DB4232500398237 /* BaseStoreItem.m in Sources */,
				7586EBF91DB449D200398237 /* JSONParser.m in Sources */,
				7586EC1D1DB51CD200398237 /* StoreItemTableViewCell.m in Sources */,
				7586EC0E1DB4CFF200398237 /* Constants.m in Sources */,
			);
			runOnlyForDeploymentPostprocessing = 0;
		};
		75D482C11DB0A9CE002ECD43 /* Sources */ = {
			isa = PBXSourcesBuildPhase;
			buildActionMask = 2147483647;
			files = (
				75D482CA1DB0A9CE002ECD43 /* iTunes_TopTests.m in Sources */,
			);
			runOnlyForDeploymentPostprocessing = 0;
		};
/* End PBXSourcesBuildPhase section */

/* Begin PBXTargetDependency section */
		75D482C71DB0A9CE002ECD43 /* PBXTargetDependency */ = {
			isa = PBXTargetDependency;
			target = 75D482AB1DB0A9CE002ECD43 /* iTunes-Top */;
			targetProxy = 75D482C61DB0A9CE002ECD43 /* PBXContainerItemProxy */;
		};
/* End PBXTargetDependency section */

/* Begin PBXVariantGroup section */
		75D482BD1DB0A9CE002ECD43 /* LaunchScreen.storyboard */ = {
			isa = PBXVariantGroup;
			children = (
				75D482BE1DB0A9CE002ECD43 /* Base */,
			);
			name = LaunchScreen.storyboard;
			sourceTree = "<group>";
		};
/* End PBXVariantGroup section */

/* Begin XCBuildConfiguration section */
		75D482CC1DB0A9CE002ECD43 /* Debug */ = {
			isa = XCBuildConfiguration;
			buildSettings = {
				ALWAYS_SEARCH_USER_PATHS = NO;
				CLANG_ANALYZER_NONNULL = YES;
				CLANG_CXX_LANGUAGE_STANDARD = "gnu++0x";
				CLANG_CXX_LIBRARY = "libc++";
				CLANG_ENABLE_MODULES = YES;
				CLANG_ENABLE_OBJC_ARC = YES;
				CLANG_WARN_BOOL_CONVERSION = YES;
				CLANG_WARN_CONSTANT_CONVERSION = YES;
				CLANG_WARN_DIRECT_OBJC_ISA_USAGE = YES_ERROR;
				CLANG_WARN_DOCUMENTATION_COMMENTS = YES;
				CLANG_WARN_EMPTY_BODY = YES;
				CLANG_WARN_ENUM_CONVERSION = YES;
				CLANG_WARN_INFINITE_RECURSION = YES;
				CLANG_WARN_INT_CONVERSION = YES;
				CLANG_WARN_OBJC_ROOT_CLASS = YES_ERROR;
				CLANG_WARN_SUSPICIOUS_MOVES = YES;
				CLANG_WARN_UNREACHABLE_CODE = YES;
				CLANG_WARN__DUPLICATE_METHOD_MATCH = YES;
				"CODE_SIGN_IDENTITY[sdk=iphoneos*]" = "iPhone Developer";
				COPY_PHASE_STRIP = NO;
				DEBUG_INFORMATION_FORMAT = dwarf;
				ENABLE_STRICT_OBJC_MSGSEND = YES;
				ENABLE_TESTABILITY = YES;
				GCC_C_LANGUAGE_STANDARD = gnu99;
				GCC_DYNAMIC_NO_PIC = NO;
				GCC_NO_COMMON_BLOCKS = YES;
				GCC_OPTIMIZATION_LEVEL = 0;
				GCC_PREPROCESSOR_DEFINITIONS = (
					"DEBUG=1",
					"$(inherited)",
				);
				GCC_WARN_64_TO_32_BIT_CONVERSION = YES;
				GCC_WARN_ABOUT_RETURN_TYPE = YES_ERROR;
				GCC_WARN_UNDECLARED_SELECTOR = YES;
				GCC_WARN_UNINITIALIZED_AUTOS = YES_AGGRESSIVE;
				GCC_WARN_UNUSED_FUNCTION = YES;
				GCC_WARN_UNUSED_VARIABLE = YES;
				IPHONEOS_DEPLOYMENT_TARGET = 10.0;
				MTL_ENABLE_DEBUG_INFO = YES;
				ONLY_ACTIVE_ARCH = YES;
				SDKROOT = iphoneos;
			};
			name = Debug;
		};
		75D482CD1DB0A9CE002ECD43 /* Release */ = {
			isa = XCBuildConfiguration;
			buildSettings = {
				ALWAYS_SEARCH_USER_PATHS = NO;
				CLANG_ANALYZER_NONNULL = YES;
				CLANG_CXX_LANGUAGE_STANDARD = "gnu++0x";
				CLANG_CXX_LIBRARY = "libc++";
				CLANG_ENABLE_MODULES = YES;
				CLANG_ENABLE_OBJC_ARC = YES;
				CLANG_WARN_BOOL_CONVERSION = YES;
				CLANG_WARN_CONSTANT_CONVERSION = YES;
				CLANG_WARN_DIRECT_OBJC_ISA_USAGE = YES_ERROR;
				CLANG_WARN_DOCUMENTATION_COMMENTS = YES;
				CLANG_WARN_EMPTY_BODY = YES;
				CLANG_WARN_ENUM_CONVERSION = YES;
				CLANG_WARN_INFINITE_RECURSION = YES;
				CLANG_WARN_INT_CONVERSION = YES;
				CLANG_WARN_OBJC_ROOT_CLASS = YES_ERROR;
				CLANG_WARN_SUSPICIOUS_MOVES = YES;
				CLANG_WARN_UNREACHABLE_CODE = YES;
				CLANG_WARN__DUPLICATE_METHOD_MATCH = YES;
				"CODE_SIGN_IDENTITY[sdk=iphoneos*]" = "iPhone Developer";
				COPY_PHASE_STRIP = NO;
				DEBUG_INFORMATION_FORMAT = "dwarf-with-dsym";
				ENABLE_NS_ASSERTIONS = NO;
				ENABLE_STRICT_OBJC_MSGSEND = YES;
				GCC_C_LANGUAGE_STANDARD = gnu99;
				GCC_NO_COMMON_BLOCKS = YES;
				GCC_WARN_64_TO_32_BIT_CONVERSION = YES;
				GCC_WARN_ABOUT_RETURN_TYPE = YES_ERROR;
				GCC_WARN_UNDECLARED_SELECTOR = YES;
				GCC_WARN_UNINITIALIZED_AUTOS = YES_AGGRESSIVE;
				GCC_WARN_UNUSED_FUNCTION = YES;
				GCC_WARN_UNUSED_VARIABLE = YES;
				IPHONEOS_DEPLOYMENT_TARGET = 10.0;
				MTL_ENABLE_DEBUG_INFO = NO;
				SDKROOT = iphoneos;
				VALIDATE_PRODUCT = YES;
			};
			name = Release;
		};
		75D482CF1DB0A9CE002ECD43 /* Debug */ = {
			isa = XCBuildConfiguration;
			buildSettings = {
				ASSETCATALOG_COMPILER_APPICON_NAME = AppIcon;
				INFOPLIST_FILE = "iTunes-Top/Info.plist";
				LD_RUNPATH_SEARCH_PATHS = "$(inherited) @executable_path/Frameworks";
				PRODUCT_BUNDLE_IDENTIFIER = "Vincent-Chau.iTunes-Top";
				PRODUCT_NAME = "$(TARGET_NAME)";
				TARGETED_DEVICE_FAMILY = "1,2";
			};
			name = Debug;
		};
		75D482D01DB0A9CE002ECD43 /* Release */ = {
			isa = XCBuildConfiguration;
			buildSettings = {
				ASSETCATALOG_COMPILER_APPICON_NAME = AppIcon;
				INFOPLIST_FILE = "iTunes-Top/Info.plist";
				LD_RUNPATH_SEARCH_PATHS = "$(inherited) @executable_path/Frameworks";
				PRODUCT_BUNDLE_IDENTIFIER = "Vincent-Chau.iTunes-Top";
				PRODUCT_NAME = "$(TARGET_NAME)";
				TARGETED_DEVICE_FAMILY = "1,2";
			};
			name = Release;
		};
		75D482D21DB0A9CE002ECD43 /* Debug */ = {
			isa = XCBuildConfiguration;
			buildSettings = {
				BUNDLE_LOADER = "$(TEST_HOST)";
				INFOPLIST_FILE = "iTunes-TopTests/Info.plist";
				LD_RUNPATH_SEARCH_PATHS = "$(inherited) @executable_path/Frameworks @loader_path/Frameworks";
				PRODUCT_BUNDLE_IDENTIFIER = "Vincent-Chau.iTunes-TopTests";
				PRODUCT_NAME = "$(TARGET_NAME)";
				TEST_HOST = "$(BUILT_PRODUCTS_DIR)/iTunes-Top.app/iTunes-Top";
			};
			name = Debug;
		};
		75D482D31DB0A9CE002ECD43 /* Release */ = {
			isa = XCBuildConfiguration;
			buildSettings = {
				BUNDLE_LOADER = "$(TEST_HOST)";
				INFOPLIST_FILE = "iTunes-TopTests/Info.plist";
				LD_RUNPATH_SEARCH_PATHS = "$(inherited) @executable_path/Frameworks @loader_path/Frameworks";
				PRODUCT_BUNDLE_IDENTIFIER = "Vincent-Chau.iTunes-TopTests";
				PRODUCT_NAME = "$(TARGET_NAME)";
				TEST_HOST = "$(BUILT_PRODUCTS_DIR)/iTunes-Top.app/iTunes-Top";
			};
			name = Release;
		};
/* End XCBuildConfiguration section */

/* Begin XCConfigurationList section */
		75D482A71DB0A9CE002ECD43 /* Build configuration list for PBXProject "iTunes-Top" */ = {
			isa = XCConfigurationList;
			buildConfigurations = (
				75D482CC1DB0A9CE002ECD43 /* Debug */,
				75D482CD1DB0A9CE002ECD43 /* Release */,
			);
			defaultConfigurationIsVisible = 0;
			defaultConfigurationName = Release;
		};
		75D482CE1DB0A9CE002ECD43 /* Build configuration list for PBXNativeTarget "iTunes-Top" */ = {
			isa = XCConfigurationList;
			buildConfigurations = (
				75D482CF1DB0A9CE002ECD43 /* Debug */,
				75D482D01DB0A9CE002ECD43 /* Release */,
			);
			defaultConfigurationIsVisible = 0;
			defaultConfigurationName = Release;
		};
		75D482D11DB0A9CE002ECD43 /* Build configuration list for PBXNativeTarget "iTunes-TopTests" */ = {
			isa = XCConfigurationList;
			buildConfigurations = (
				75D482D21DB0A9CE002ECD43 /* Debug */,
				75D482D31DB0A9CE002ECD43 /* Release */,
			);
			defaultConfigurationIsVisible = 0;
			defaultConfigurationName = Release;
		};
/* End XCConfigurationList section */
	};
	rootObject = 75D482A41DB0A9CE002ECD43 /* Project object */;
}
